
Microsoft Visual Studio Solution File, Format Version 12.00
# Visual Studio Version 17
VisualStudioVersion = 17.6.33801.468
MinimumVisualStudioVersion = 10.0.40219.1
Project("{FAE04EC0-301F-11D3-BF4B-00C04F79EFBC}") = "Rubrica", "Rubrica\Rubrica.csproj", "{5F458627-6FEE-493F-A5E3-A299166EC60E}"
EndProject
Global
	GlobalSection(SolutionConfigurationPlatforms) = preSolution
		Debug|Any CPU = Debug|Any CPU
		Release|Any CPU = Release|Any CPU
	EndGlobalSection
	GlobalSection(ProjectConfigurationPlatforms) = postSolution
		{5F458627-6FEE-493F-A5E3-A299166EC60E}.Debug|Any CPU.ActiveCfg = Debug|Any CPU
		{5F458627-6FEE-493F-A5E3-A299166EC60E}.Debug|Any CPU.Build.0 = Debug|Any CPU
		{5F458627-6FEE-493F-A5E3-A299166EC60E}.Release|Any CPU.ActiveCfg = Release|Any CPU
		{5F458627-6FEE-493F-A5E3-A299166EC60E}.Release|Any CPU.Build.0 = Release|Any CPU
	EndGlobalSection
	GlobalSection(SolutionProperties) = preSolution
		HideSolutionNode = FALSE
	EndGlobalSection
	GlobalSection(ExtensibilityGlobals) = postSolution
		SolutionGuid = {BDA048AC-3BFD-47BF-9F31-EF5DE92587BC}
	EndGlobalSection
EndGlobal
